
Microsoft Visual Studio Solution File, Format Version 12.00
# Visual Studio Version 17
VisualStudioVersion = 17.9.34728.123
MinimumVisualStudioVersion = 10.0.40219.1
Project("{FAE04EC0-301F-11D3-BF4B-00C04F79EFBC}") = "AssetService.WebApi", "AssetService.WebApi\AssetService.WebApi.csproj", "{1D9CD747-5364-4F71-9E69-5C7BDC7AC582}"
EndProject
Project("{FAE04EC0-301F-11D3-BF4B-00C04F79EFBC}") = "AssetService.Domain", "AssetService.Domain\AssetService.Domain.csproj", "{EBDC8912-0D3B-4A75-A4E2-DC58C03CF6AE}"
EndProject
Project("{FAE04EC0-301F-11D3-BF4B-00C04F79EFBC}") = "AssetService.Persistence", "AssetService.Persistence\AssetService.Persistence.csproj", "{770C6A40-59EF-46CA-A48A-C9CCB7719D78}"
EndProject
Global
	GlobalSection(SolutionConfigurationPlatforms) = preSolution
		Debug|Any CPU = Debug|Any CPU
		Release|Any CPU = Release|Any CPU
	EndGlobalSection
	GlobalSection(ProjectConfigurationPlatforms) = postSolution
		{1D9CD747-5364-4F71-9E69-5C7BDC7AC582}.Debug|Any CPU.ActiveCfg = Debug|Any CPU
		{1D9CD747-5364-4F71-9E69-5C7BDC7AC582}.Debug|Any CPU.Build.0 = Debug|Any CPU
		{1D9CD747-5364-4F71-9E69-5C7BDC7AC582}.Release|Any CPU.ActiveCfg = Release|Any CPU
		{1D9CD747-5364-4F71-9E69-5C7BDC7AC582}.Release|Any CPU.Build.0 = Release|Any CPU
		{EBDC8912-0D3B-4A75-A4E2-DC58C03CF6AE}.Debug|Any CPU.ActiveCfg = Debug|Any CPU
		{EBDC8912-0D3B-4A75-A4E2-DC58C03CF6AE}.Debug|Any CPU.Build.0 = Debug|Any CPU
		{EBDC8912-0D3B-4A75-A4E2-DC58C03CF6AE}.Release|Any CPU.ActiveCfg = Release|Any CPU
		{EBDC8912-0D3B-4A75-A4E2-DC58C03CF6AE}.Release|Any CPU.Build.0 = Release|Any CPU
		{770C6A40-59EF-46CA-A48A-C9CCB7719D78}.Debug|Any CPU.ActiveCfg = Debug|Any CPU
		{770C6A40-59EF-46CA-A48A-C9CCB7719D78}.Debug|Any CPU.Build.0 = Debug|Any CPU
		{770C6A40-59EF-46CA-A48A-C9CCB7719D78}.Release|Any CPU.ActiveCfg = Release|Any CPU
		{770C6A40-59EF-46CA-A48A-C9CCB7719D78}.Release|Any CPU.Build.0 = Release|Any CPU
	EndGlobalSection
	GlobalSection(SolutionProperties) = preSolution
		HideSolutionNode = FALSE
	EndGlobalSection
	GlobalSection(ExtensibilityGlobals) = postSolution
		SolutionGuid = {C3FB9E2A-7AAB-4734-88E8-5C59061CA450}
	EndGlobalSection
EndGlobal
